// !$*UTF8*$!
{
	archiveVersion = 1;
	classes = {
	};
	objectVersion = 50;
	objects = {

/* Begin PBXBuildFile section */
		1025969A21F2D6C900EB51B1 /* AppDelegate.swift in Sources */ = {isa = PBXBuildFile; fileRef = 1025969921F2D6C900EB51B1 /* AppDelegate.swift */; };
		1025969C21F2D6C900EB51B1 /* ViewController.swift in Sources */ = {isa = PBXBuildFile; fileRef = 1025969B21F2D6C900EB51B1 /* ViewController.swift */; };
		1025969F21F2D6C900EB51B1 /* Main.storyboard in Resources */ = {isa = PBXBuildFile; fileRef = 1025969D21F2D6C900EB51B1 /* Main.storyboard */; };
		102596A121F2D6CA00EB51B1 /* Assets.xcassets in Resources */ = {isa = PBXBuildFile; fileRef = 102596A021F2D6CA00EB51B1 /* Assets.xcassets */; };
		102596A421F2D6CA00EB51B1 /* LaunchScreen.storyboard in Resources */ = {isa = PBXBuildFile; fileRef = 102596A221F2D6CA00EB51B1 /* LaunchScreen.storyboard */; };
		102596AC21F2D70000EB51B1 /* FlowerClassifier.mlmodel in Sources */ = {isa = PBXBuildFile; fileRef = 102596AB21F2D70000EB51B1 /* FlowerClassifier.mlmodel */; };
		5B71E7C5098556631445CE3A /* Pods_FlowersGuru.framework in Frameworks */ = {isa = PBXBuildFile; fileRef = 54A9F089018546B51F38AED5 /* Pods_FlowersGuru.framework */; };
/* End PBXBuildFile section */

/* Begin PBXFileReference section */
		1025969621F2D6C900EB51B1 /* FlowersGuru.app */ = {isa = PBXFileReference; explicitFileType = wrapper.application; includeInIndex = 0; path = FlowersGuru.app; sourceTree = BUILT_PRODUCTS_DIR; };
		1025969921F2D6C900EB51B1 /* AppDelegate.swift */ = {isa = PBXFileReference; lastKnownFileType = sourcecode.swift; path = AppDelegate.swift; sourceTree = "<group>"; };
		1025969B21F2D6C900EB51B1 /* ViewController.swift */ = {isa = PBXFileReference; lastKnownFileType = sourcecode.swift; path = ViewController.swift; sourceTree = "<group>"; };
		1025969E21F2D6C900EB51B1 /* Base */ = {isa = PBXFileReference; lastKnownFileType = file.storyboard; name = Base; path = Base.lproj/Main.storyboard; sourceTree = "<group>"; };
		102596A021F2D6CA00EB51B1 /* Assets.xcassets */ = {isa = PBXFileReference; lastKnownFileType = folder.assetcatalog; path = Assets.xcassets; sourceTree = "<group>"; };
		102596A321F2D6CA00EB51B1 /* Base */ = {isa = PBXFileReference; lastKnownFileType = file.storyboard; name = Base; path = Base.lproj/LaunchScreen.storyboard; sourceTree = "<group>"; };
		102596A521F2D6CA00EB51B1 /* Info.plist */ = {isa = PBXFileReference; lastKnownFileType = text.plist.xml; path = Info.plist; sourceTree = "<group>"; };
		102596AB21F2D70000EB51B1 /* FlowerClassifier.mlmodel */ = {isa = PBXFileReference; lastKnownFileType = file.mlmodel; path = FlowerClassifier.mlmodel; sourceTree = "<group>"; };
		258A98853C74C6EACF47D400 /* Pods-FlowersGuru.release.xcconfig */ = {isa = PBXFileReference; includeInIndex = 1; lastKnownFileType = text.xcconfig; name = "Pods-FlowersGuru.release.xcconfig"; path = "Pods/Target Support Files/Pods-FlowersGuru/Pods-FlowersGuru.release.xcconfig"; sourceTree = "<group>"; };
		54A9F089018546B51F38AED5 /* Pods_FlowersGuru.framework */ = {isa = PBXFileReference; explicitFileType = wrapper.framework; includeInIndex = 0; path = Pods_FlowersGuru.framework; sourceTree = BUILT_PRODUCTS_DIR; };
		EF8AB1B83CA31515B9C3CAFE /* Pods-FlowersGuru.debug.xcconfig */ = {isa = PBXFileReference; includeInIndex = 1; lastKnownFileType = text.xcconfig; name = "Pods-FlowersGuru.debug.xcconfig"; path = "Pods/Target Support Files/Pods-FlowersGuru/Pods-FlowersGuru.debug.xcconfig"; sourceTree = "<group>"; };
/* End PBXFileReference section */

/* Begin PBXFrameworksBuildPhase section */
		1025969321F2D6C900EB51B1 /* Frameworks */ = {
			isa = PBXFrameworksBuildPhase;
			buildActionMask = 2147483647;
			files = (
				5B71E7C5098556631445CE3A /* Pods_FlowersGuru.framework in Frameworks */,
			);
			runOnlyForDeploymentPostprocessing = 0;
		};
/* End PBXFrameworksBuildPhase section */

/* Begin PBXGroup section */
		1025968D21F2D6C900EB51B1 = {
			isa = PBXGroup;
			children = (
				1025969821F2D6C900EB51B1 /* FlowersGuru */,
				1025969721F2D6C900EB51B1 /* Products */,
				EE135880D1CC2E74D16BA9CA /* Pods */,
				E0BA5867AABD17038B618C67 /* Frameworks */,
			);
			sourceTree = "<group>";
		};
		1025969721F2D6C900EB51B1 /* Products */ = {
			isa = PBXGroup;
			children = (
				1025969621F2D6C900EB51B1 /* FlowersGuru.app */,
			);
			name = Products;
			sourceTree = "<group>";
		};
		1025969821F2D6C900EB51B1 /* FlowersGuru */ = {
			isa = PBXGroup;
			children = (
				1025969921F2D6C900EB51B1 /* AppDelegate.swift */,
				1025969B21F2D6C900EB51B1 /* ViewController.swift */,
				1025969D21F2D6C900EB51B1 /* Main.storyboard */,
				102596A021F2D6CA00EB51B1 /* Assets.xcassets */,
				102596A221F2D6CA00EB51B1 /* LaunchScreen.storyboard */,
				102596A521F2D6CA00EB51B1 /* Info.plist */,
				102596AB21F2D70000EB51B1 /* FlowerClassifier.mlmodel */,
			);
			path = FlowersGuru;
			sourceTree = "<group>";
		};
		E0BA5867AABD17038B618C67 /* Frameworks */ = {
			isa = PBXGroup;
			children = (
				54A9F089018546B51F38AED5 /* Pods_FlowersGuru.framework */,
			);
			name = Frameworks;
			sourceTree = "<group>";
		};
		EE135880D1CC2E74D16BA9CA /* Pods */ = {
			isa = PBXGroup;
			children = (
				EF8AB1B83CA31515B9C3CAFE /* Pods-FlowersGuru.debug.xcconfig */,
				258A98853C74C6EACF47D400 /* Pods-FlowersGuru.release.xcconfig */,
			);
			name = Pods;
			sourceTree = "<group>";
		};
/* End PBXGroup section */

/* Begin PBXNativeTarget section */
		1025969521F2D6C900EB51B1 /* FlowersGuru */ = {
			isa = PBXNativeTarget;
			buildConfigurationList = 102596A821F2D6CA00EB51B1 /* Build configuration list for PBXNativeTarget "FlowersGuru" */;
			buildPhases = (
				B918665BF257121C4EB04307 /* [CP] Check Pods Manifest.lock */,
				1025969221F2D6C900EB51B1 /* Sources */,
				1025969321F2D6C900EB51B1 /* Frameworks */,
				1025969421F2D6C900EB51B1 /* Resources */,
				5D5A8AAD83AF46379DAA96E3 /* [CP] Embed Pods Frameworks */,
			);
			buildRules = (
			);
			dependencies = (
			);
			name = FlowersGuru;
			productName = FlowersGuru;
			productReference = 1025969621F2D6C900EB51B1 /* FlowersGuru.app */;
			productType = "com.apple.product-type.application";
		};
/* End PBXNativeTarget section */

/* Begin PBXProject section */
		1025968E21F2D6C900EB51B1 /* Project object */ = {
			isa = PBXProject;
			attributes = {
				LastSwiftUpdateCheck = 1010;
				LastUpgradeCheck = 1010;
				ORGANIZATIONNAME = "TRUNG NGUYEN";
				TargetAttributes = {
					1025969521F2D6C900EB51B1 = {
						CreatedOnToolsVersion = 10.1;
					};
				};
			};
			buildConfigurationList = 1025969121F2D6C900EB51B1 /* Build configuration list for PBXProject "FlowersGuru" */;
			compatibilityVersion = "Xcode 9.3";
			developmentRegion = en;
			hasScannedForEncodings = 0;
			knownRegions = (
				en,
				Base,
			);
			mainGroup = 1025968D21F2D6C900EB51B1;
			productRefGroup = 1025969721F2D6C900EB51B1 /* Products */;
			projectDirPath = "";
			projectRoot = "";
			targets = (
				1025969521F2D6C900EB51B1 /* FlowersGuru */,
			);
		};
/* End PBXProject section */

/* Begin PBXResourcesBuildPhase section */
		1025969421F2D6C900EB51B1 /* Resources */ = {
			isa = PBXResourcesBuildPhase;
			buildActionMask = 2147483647;
			files = (
				102596A421F2D6CA00EB51B1 /* LaunchScreen.storyboard in Resources */,
				102596A121F2D6CA00EB51B1 /* Assets.xcassets in Resources */,
				1025969F21F2D6C900EB51B1 /* Main.storyboard in Resources */,
			);
			runOnlyForDeploymentPostprocessing = 0;
		};
/* End PBXResourcesBuildPhase section */

/* Begin PBXShellScriptBuildPhase section */
		5D5A8AAD83AF46379DAA96E3 /* [CP] Embed Pods Frameworks */ = {
			isa = PBXShellScriptBuildPhase;
			buildActionMask = 2147483647;
			files = (
			);
			inputFileListPaths = (
			);
			inputPaths = (
				"${SRCROOT}/Pods/Target Support Files/Pods-FlowersGuru/Pods-FlowersGuru-frameworks.sh",
				"${BUILT_PRODUCTS_DIR}/Alamofire/Alamofire.framework",
				"${BUILT_PRODUCTS_DIR}/SwiftyJSON/SwiftyJSON.framework",
			);
			name = "[CP] Embed Pods Frameworks";
			outputFileListPaths = (
			);
			outputPaths = (
				"${TARGET_BUILD_DIR}/${FRAMEWORKS_FOLDER_PATH}/Alamofire.framework",
				"${TARGET_BUILD_DIR}/${FRAMEWORKS_FOLDER_PATH}/SwiftyJSON.framework",
			);
			runOnlyForDeploymentPostprocessing = 0;
			shellPath = /bin/sh;
			shellScript = "\"${SRCROOT}/Pods/Target Support Files/Pods-FlowersGuru/Pods-FlowersGuru-frameworks.sh\"\n";
			showEnvVarsInLog = 0;
		};
		B918665BF257121C4EB04307 /* [CP] Check Pods Manifest.lock */ = {
			isa = PBXShellScriptBuildPhase;
			buildActionMask = 2147483647;
			files = (
			);
			inputFileListPaths = (
			);
			inputPaths = (
				"${PODS_PODFILE_DIR_PATH}/Podfile.lock",
				"${PODS_ROOT}/Manifest.lock",
			);
			name = "[CP] Check Pods Manifest.lock";
			outputFileListPaths = (
			);
			outputPaths = (
				"$(DERIVED_FILE_DIR)/Pods-FlowersGuru-checkManifestLockResult.txt",
			);
			runOnlyForDeploymentPostprocessing = 0;
			shellPath = /bin/sh;
			shellScript = "diff \"${PODS_PODFILE_DIR_PATH}/Podfile.lock\" \"${PODS_ROOT}/Manifest.lock\" > /dev/null\nif [ $? != 0 ] ; then\n    # print error to STDERR\n    echo \"error: The sandbox is not in sync with the Podfile.lock. Run 'pod install' or update your CocoaPods installation.\" >&2\n    exit 1\nfi\n# This output is used by Xcode 'outputs' to avoid re-running this script phase.\necho \"SUCCESS\" > \"${SCRIPT_OUTPUT_FILE_0}\"\n";
			showEnvVarsInLog = 0;
		};
/* End PBXShellScriptBuildPhase section */

/* Begin PBXSourcesBuildPhase section */
		1025969221F2D6C900EB51B1 /* Sources */ = {
			isa = PBXSourcesBuildPhase;
			buildActionMask = 2147483647;
			files = (
				102596AC21F2D70000EB51B1 /* FlowerClassifier.mlmodel in Sources */,
				1025969C21F2D6C900EB51B1 /* ViewController.swift in Sources */,
				1025969A21F2D6C900EB51B1 /* AppDelegate.swift in Sources */,
			);
			runOnlyForDeploymentPostprocessing = 0;
		};
/* End PBXSourcesBuildPhase section */

/* Begin PBXVariantGroup section */
		1025969D21F2D6C900EB51B1 /* Main.storyboard */ = {
			isa = PBXVariantGroup;
			children = (
				1025969E21F2D6C900EB51B1 /* Base */,
			);
			name = Main.storyboard;
			sourceTree = "<group>";
		};
		102596A221F2D6CA00EB51B1 /* LaunchScreen.storyboard */ = {
			isa = PBXVariantGroup;
			children = (
				102596A321F2D6CA00EB51B1 /* Base */,
			);
			name = LaunchScreen.storyboard;
			sourceTree = "<group>";
		};
/* End PBXVariantGroup section */

/* Begin XCBuildConfiguration section */
		102596A621F2D6CA00EB51B1 /* Debug */ = {
			isa = XCBuildConfiguration;
			buildSettings = {
				ALWAYS_SEARCH_USER_PATHS = NO;
				CLANG_ANALYZER_NONNULL = YES;
				CLANG_ANALYZER_NUMBER_OBJECT_CONVERSION = YES_AGGRESSIVE;
				CLANG_CXX_LANGUAGE_STANDARD = "gnu++14";
				CLANG_CXX_LIBRARY = "libc++";
				CLANG_ENABLE_MODULES = YES;
				CLANG_ENABLE_OBJC_ARC = YES;
				CLANG_ENABLE_OBJC_WEAK = YES;
				CLANG_WARN_BLOCK_CAPTURE_AUTORELEASING = YES;
				CLANG_WARN_BOOL_CONVERSION = YES;
				CLANG_WARN_COMMA = YES;
				CLANG_WARN_CONSTANT_CONVERSION = YES;
				CLANG_WARN_DEPRECATED_OBJC_IMPLEMENTATIONS = YES;
				CLANG_WARN_DIRECT_OBJC_ISA_USAGE = YES_ERROR;
				CLANG_WARN_DOCUMENTATION_COMMENTS = YES;
				CLANG_WARN_EMPTY_BODY = YES;
				CLANG_WARN_ENUM_CONVERSION = YES;
				CLANG_WARN_INFINITE_RECURSION = YES;
				CLANG_WARN_INT_CONVERSION = YES;
				CLANG_WARN_NON_LITERAL_NULL_CONVERSION = YES;
				CLANG_WARN_OBJC_IMPLICIT_RETAIN_SELF = YES;
				CLANG_WARN_OBJC_LITERAL_CONVERSION = YES;
				CLANG_WARN_OBJC_ROOT_CLASS = YES_ERROR;
				CLANG_WARN_RANGE_LOOP_ANALYSIS = YES;
				CLANG_WARN_STRICT_PROTOTYPES = YES;
				CLANG_WARN_SUSPICIOUS_MOVE = YES;
				CLANG_WARN_UNGUARDED_AVAILABILITY = YES_AGGRESSIVE;
				CLANG_WARN_UNREACHABLE_CODE = YES;
				CLANG_WARN__DUPLICATE_METHOD_MATCH = YES;
				CODE_SIGN_IDENTITY = "iPhone Developer";
				COPY_PHASE_STRIP = NO;
				DEBUG_INFORMATION_FORMAT = dwarf;
				ENABLE_STRICT_OBJC_MSGSEND = YES;
				ENABLE_TESTABILITY = YES;
				GCC_C_LANGUAGE_STANDARD = gnu11;
				GCC_DYNAMIC_NO_PIC = NO;
				GCC_NO_COMMON_BLOCKS = YES;
				GCC_OPTIMIZATION_LEVEL = 0;
				GCC_PREPROCESSOR_DEFINITIONS = (
					"DEBUG=1",
					"$(inherited)",
				);
				GCC_WARN_64_TO_32_BIT_CONVERSION = YES;
				GCC_WARN_ABOUT_RETURN_TYPE = YES_ERROR;
				GCC_WARN_UNDECLARED_SELECTOR = YES;
				GCC_WARN_UNINITIALIZED_AUTOS = YES_AGGRESSIVE;
				GCC_WARN_UNUSED_FUNCTION = YES;
				GCC_WARN_UNUSED_VARIABLE = YES;
				IPHONEOS_DEPLOYMENT_TARGET = 12.1;
				MTL_ENABLE_DEBUG_INFO = INCLUDE_SOURCE;
				MTL_FAST_MATH = YES;
				ONLY_ACTIVE_ARCH = YES;
				SDKROOT = iphoneos;
				SWIFT_ACTIVE_COMPILATION_CONDITIONS = DEBUG;
				SWIFT_OPTIMIZATION_LEVEL = "-Onone";
			};
			name = Debug;
		};
		102596A721F2D6CA00EB51B1 /* Release */ = {
			isa = XCBuildConfiguration;
			buildSettings = {
				ALWAYS_SEARCH_USER_PATHS = NO;
				CLANG_ANALYZER_NONNULL = YES;
				CLANG_ANALYZER_NUMBER_OBJECT_CONVERSION = YES_AGGRESSIVE;
				CLANG_CXX_LANGUAGE_STANDARD = "gnu++14";
				CLANG_CXX_LIBRARY = "libc++";
				CLANG_ENABLE_MODULES = YES;
				CLANG_ENABLE_OBJC_ARC = YES;
				CLANG_ENABLE_OBJC_WEAK = YES;
				CLANG_WARN_BLOCK_CAPTURE_AUTORELEASING = YES;
				CLANG_WARN_BOOL_CONVERSION = YES;
				CLANG_WARN_COMMA = YES;
				CLANG_WARN_CONSTANT_CONVERSION = YES;
				CLANG_WARN_DEPRECATED_OBJC_IMPLEMENTATIONS = YES;
				CLANG_WARN_DIRECT_OBJC_ISA_USAGE = YES_ERROR;
				CLANG_WARN_DOCUMENTATION_COMMENTS = YES;
				CLANG_WARN_EMPTY_BODY = YES;
				CLANG_WARN_ENUM_CONVERSION = YES;
				CLANG_WARN_INFINITE_RECURSION = YES;
				CLANG_WARN_INT_CONVERSION = YES;
				CLANG_WARN_NON_LITERAL_NULL_CONVERSION = YES;
				CLANG_WARN_OBJC_IMPLICIT_RETAIN_SELF = YES;
				CLANG_WARN_OBJC_LITERAL_CONVERSION = YES;
				CLANG_WARN_OBJC_ROOT_CLASS = YES_ERROR;
				CLANG_WARN_RANGE_LOOP_ANALYSIS = YES;
				CLANG_WARN_STRICT_PROTOTYPES = YES;
				CLANG_WARN_SUSPICIOUS_MOVE = YES;
				CLANG_WARN_UNGUARDED_AVAILABILITY = YES_AGGRESSIVE;
				CLANG_WARN_UNREACHABLE_CODE = YES;
				CLANG_WARN__DUPLICATE_METHOD_MATCH = YES;
				CODE_SIGN_IDENTITY = "iPhone Developer";
				COPY_PHASE_STRIP = NO;
				DEBUG_INFORMATION_FORMAT = "dwarf-with-dsym";
				ENABLE_NS_ASSERTIONS = NO;
				ENABLE_STRICT_OBJC_MSGSEND = YES;
				GCC_C_LANGUAGE_STANDARD = gnu11;
				GCC_NO_COMMON_BLOCKS = YES;
				GCC_WARN_64_TO_32_BIT_CONVERSION = YES;
				GCC_WARN_ABOUT_RETURN_TYPE = YES_ERROR;
				GCC_WARN_UNDECLARED_SELECTOR = YES;
				GCC_WARN_UNINITIALIZED_AUTOS = YES_AGGRESSIVE;
				GCC_WARN_UNUSED_FUNCTION = YES;
				GCC_WARN_UNUSED_VARIABLE = YES;
				IPHONEOS_DEPLOYMENT_TARGET = 12.1;
				MTL_ENABLE_DEBUG_INFO = NO;
				MTL_FAST_MATH = YES;
				SDKROOT = iphoneos;
				SWIFT_COMPILATION_MODE = wholemodule;
				SWIFT_OPTIMIZATION_LEVEL = "-O";
				VALIDATE_PRODUCT = YES;
			};
			name = Release;
		};
		102596A921F2D6CA00EB51B1 /* Debug */ = {
			isa = XCBuildConfiguration;
			baseConfigurationReference = EF8AB1B83CA31515B9C3CAFE /* Pods-FlowersGuru.debug.xcconfig */;
			buildSettings = {
				ASSETCATALOG_COMPILER_APPICON_NAME = AppIcon;
				CODE_SIGN_STYLE = Automatic;
				DEVELOPMENT_TEAM = W8FJZD3UP6;
				INFOPLIST_FILE = FlowersGuru/Info.plist;
				LD_RUNPATH_SEARCH_PATHS = (
					"$(inherited)",
					"@executable_path/Frameworks",
				);
				PRODUCT_BUNDLE_IDENTIFIER = TN.AR.FlowersGuru;
				PRODUCT_NAME = "$(TARGET_NAME)";
				SWIFT_VERSION = 4.2;
				TARGETED_DEVICE_FAMILY = "1,2";
			};
			name = Debug;
		};
		102596AA21F2D6CA00EB51B1 /* Release */ = {
			isa = XCBuildConfiguration;
			baseConfigurationReference = 258A98853C74C6EACF47D400 /* Pods-FlowersGuru.release.xcconfig */;
			buildSettings = {
				ASSETCATALOG_COMPILER_APPICON_NAME = AppIcon;
				CODE_SIGN_STYLE = Automatic;
				DEVELOPMENT_TEAM = W8FJZD3UP6;
				INFOPLIST_FILE = FlowersGuru/Info.plist;
				LD_RUNPATH_SEARCH_PATHS = (
					"$(inherited)",
					"@executable_path/Frameworks",
				);
				PRODUCT_BUNDLE_IDENTIFIER = TN.AR.FlowersGuru;
				PRODUCT_NAME = "$(TARGET_NAME)";
				SWIFT_VERSION = 4.2;
				TARGETED_DEVICE_FAMILY = "1,2";
			};
			name = Release;
		};
/* End XCBuildConfiguration section */

/* Begin XCConfigurationList section */
		1025969121F2D6C900EB51B1 /* Build configuration list for PBXProject "FlowersGuru" */ = {
			isa = XCConfigurationList;
			buildConfigurations = (
				102596A621F2D6CA00EB51B1 /* Debug */,
				102596A721F2D6CA00EB51B1 /* Release */,
			);
			defaultConfigurationIsVisible = 0;
			defaultConfigurationName = Release;
		};
		102596A821F2D6CA00EB51B1 /* Build configuration list for PBXNativeTarget "FlowersGuru" */ = {
			isa = XCConfigurationList;
			buildConfigurations = (
				102596A921F2D6CA00EB51B1 /* Debug */,
				102596AA21F2D6CA00EB51B1 /* Release */,
			);
			defaultConfigurationIsVisible = 0;
			defaultConfigurationName = Release;
		};
/* End XCConfigurationList section */
	};
	rootObject = 1025968E21F2D6C900EB51B1 /* Project object */;
}
